// !$*UTF8*$!
{
	archiveVersion = 1;
	classes = {
	};
	objectVersion = 48;
	objects = {

/* Begin PBXBuildFile section */
		C510DB7C201184A0005B4893 /* booing.wav in Resources */ = {isa = PBXBuildFile; fileRef = C510DB7B201184A0005B4893 /* booing.wav */; };
		C5FD375D201106E4001173D1 /* AppDelegate.swift in Sources */ = {isa = PBXBuildFile; fileRef = C5FD375C201106E4001173D1 /* AppDelegate.swift */; };
		C5FD375F201106E4001173D1 /* ViewController.swift in Sources */ = {isa = PBXBuildFile; fileRef = C5FD375E201106E4001173D1 /* ViewController.swift */; };
		C5FD3762201106E4001173D1 /* Main.storyboard in Resources */ = {isa = PBXBuildFile; fileRef = C5FD3760201106E4001173D1 /* Main.storyboard */; };
		C5FD3764201106E4001173D1 /* Assets.xcassets in Resources */ = {isa = PBXBuildFile; fileRef = C5FD3763201106E4001173D1 /* Assets.xcassets */; };
		C5FD3767201106E4001173D1 /* LaunchScreen.storyboard in Resources */ = {isa = PBXBuildFile; fileRef = C5FD3765201106E4001173D1 /* LaunchScreen.storyboard */; };
		C5FD377320112720001173D1 /* noughtSound.wav in Resources */ = {isa = PBXBuildFile; fileRef = C5FD377120112720001173D1 /* noughtSound.wav */; };
		C5FD377420112721001173D1 /* crossSound.wav in Resources */ = {isa = PBXBuildFile; fileRef = C5FD377220112720001173D1 /* crossSound.wav */; };
		C5FD377620112927001173D1 /* woah.wav in Resources */ = {isa = PBXBuildFile; fileRef = C5FD377520112927001173D1 /* woah.wav */; };
/* End PBXBuildFile section */

/* Begin PBXFileReference section */
		C510DB7B201184A0005B4893 /* booing.wav */ = {isa = PBXFileReference; lastKnownFileType = audio.wav; path = booing.wav; sourceTree = "<group>"; };
		C5FD3759201106E4001173D1 /* ToeTacTic.app */ = {isa = PBXFileReference; explicitFileType = wrapper.application; includeInIndex = 0; path = ToeTacTic.app; sourceTree = BUILT_PRODUCTS_DIR; };
		C5FD375C201106E4001173D1 /* AppDelegate.swift */ = {isa = PBXFileReference; lastKnownFileType = sourcecode.swift; path = AppDelegate.swift; sourceTree = "<group>"; };
		C5FD375E201106E4001173D1 /* ViewController.swift */ = {isa = PBXFileReference; lastKnownFileType = sourcecode.swift; path = ViewController.swift; sourceTree = "<group>"; };
		C5FD3761201106E4001173D1 /* Base */ = {isa = PBXFileReference; lastKnownFileType = file.storyboard; name = Base; path = Base.lproj/Main.storyboard; sourceTree = "<group>"; };
		C5FD3763201106E4001173D1 /* Assets.xcassets */ = {isa = PBXFileReference; lastKnownFileType = folder.assetcatalog; path = Assets.xcassets; sourceTree = "<group>"; };
		C5FD3766201106E4001173D1 /* Base */ = {isa = PBXFileReference; lastKnownFileType = file.storyboard; name = Base; path = Base.lproj/LaunchScreen.storyboard; sourceTree = "<group>"; };
		C5FD3768201106E4001173D1 /* Info.plist */ = {isa = PBXFileReference; lastKnownFileType = text.plist.xml; path = Info.plist; sourceTree = "<group>"; };
		C5FD377120112720001173D1 /* noughtSound.wav */ = {isa = PBXFileReference; lastKnownFileType = audio.wav; path = noughtSound.wav; sourceTree = "<group>"; };
		C5FD377220112720001173D1 /* crossSound.wav */ = {isa = PBXFileReference; lastKnownFileType = audio.wav; path = crossSound.wav; sourceTree = "<group>"; };
		C5FD377520112927001173D1 /* woah.wav */ = {isa = PBXFileReference; lastKnownFileType = audio.wav; path = woah.wav; sourceTree = "<group>"; };
/* End PBXFileReference section */

/* Begin PBXFrameworksBuildPhase section */
		C5FD3756201106E4001173D1 /* Frameworks */ = {
			isa = PBXFrameworksBuildPhase;
			buildActionMask = 2147483647;
			files = (
			);
			runOnlyForDeploymentPostprocessing = 0;
		};
/* End PBXFrameworksBuildPhase section */

/* Begin PBXGroup section */
		C5FD3750201106E4001173D1 = {
			isa = PBXGroup;
			children = (
				C5FD377020112712001173D1 /* Sounds */,
				C5FD375B201106E4001173D1 /* ToeTacTic */,
				C5FD375A201106E4001173D1 /* Products */,
			);
			sourceTree = "<group>";
		};
		C5FD375A201106E4001173D1 /* Products */ = {
			isa = PBXGroup;
			children = (
				C5FD3759201106E4001173D1 /* ToeTacTic.app */,
			);
			name = Products;
			sourceTree = "<group>";
		};
		C5FD375B201106E4001173D1 /* ToeTacTic */ = {
			isa = PBXGroup;
			children = (
				C5FD375C201106E4001173D1 /* AppDelegate.swift */,
				C5FD375E201106E4001173D1 /* ViewController.swift */,
				C5FD3760201106E4001173D1 /* Main.storyboard */,
				C5FD3763201106E4001173D1 /* Assets.xcassets */,
				C5FD3765201106E4001173D1 /* LaunchScreen.storyboard */,
				C5FD3768201106E4001173D1 /* Info.plist */,
			);
			path = ToeTacTic;
			sourceTree = "<group>";
		};
		C5FD377020112712001173D1 /* Sounds */ = {
			isa = PBXGroup;
			children = (
				C5FD377220112720001173D1 /* crossSound.wav */,
				C510DB7B201184A0005B4893 /* booing.wav */,
				C5FD377120112720001173D1 /* noughtSound.wav */,
				C5FD377520112927001173D1 /* woah.wav */,
			);
			path = Sounds;
			sourceTree = "<group>";
		};
/* End PBXGroup section */

/* Begin PBXNativeTarget section */
		C5FD3758201106E4001173D1 /* ToeTacTic */ = {
			isa = PBXNativeTarget;
			buildConfigurationList = C5FD376B201106E4001173D1 /* Build configuration list for PBXNativeTarget "ToeTacTic" */;
			buildPhases = (
				C5FD3755201106E4001173D1 /* Sources */,
				C5FD3756201106E4001173D1 /* Frameworks */,
				C5FD3757201106E4001173D1 /* Resources */,
			);
			buildRules = (
			);
			dependencies = (
			);
			name = ToeTacTic;
			productName = ToeTacTic;
			productReference = C5FD3759201106E4001173D1 /* ToeTacTic.app */;
			productType = "com.apple.product-type.application";
		};
/* End PBXNativeTarget section */

/* Begin PBXProject section */
		C5FD3751201106E4001173D1 /* Project object */ = {
			isa = PBXProject;
			attributes = {
				LastSwiftUpdateCheck = 0920;
				LastUpgradeCheck = 0920;
				ORGANIZATIONNAME = "Ahmed Amr";
				TargetAttributes = {
					C5FD3758201106E4001173D1 = {
						CreatedOnToolsVersion = 9.2;
						ProvisioningStyle = Automatic;
					};
				};
			};
			buildConfigurationList = C5FD3754201106E4001173D1 /* Build configuration list for PBXProject "ToeTacTic" */;
			compatibilityVersion = "Xcode 8.0";
			developmentRegion = en;
			hasScannedForEncodings = 0;
			knownRegions = (
				en,
				Base,
			);
			mainGroup = C5FD3750201106E4001173D1;
			productRefGroup = C5FD375A201106E4001173D1 /* Products */;
			projectDirPath = "";
			projectRoot = "";
			targets = (
				C5FD3758201106E4001173D1 /* ToeTacTic */,
			);
		};
/* End PBXProject section */

/* Begin PBXResourcesBuildPhase section */
		C5FD3757201106E4001173D1 /* Resources */ = {
			isa = PBXResourcesBuildPhase;
			buildActionMask = 2147483647;
			files = (
				C5FD3767201106E4001173D1 /* LaunchScreen.storyboard in Resources */,
				C5FD377320112720001173D1 /* noughtSound.wav in Resources */,
				C510DB7C201184A0005B4893 /* booing.wav in Resources */,
				C5FD3764201106E4001173D1 /* Assets.xcassets in Resources */,
				C5FD377620112927001173D1 /* woah.wav in Resources */,
				C5FD377420112721001173D1 /* crossSound.wav in Resources */,
				C5FD3762201106E4001173D1 /* Main.storyboard in Resources */,
			);
			runOnlyForDeploymentPostprocessing = 0;
		};
/* End PBXResourcesBuildPhase section */

/* Begin PBXSourcesBuildPhase section */
		C5FD3755201106E4001173D1 /* Sources */ = {
			isa = PBXSourcesBuildPhase;
			buildActionMask = 2147483647;
			files = (
				C5FD375F201106E4001173D1 /* ViewController.swift in Sources */,
				C5FD375D201106E4001173D1 /* AppDelegate.swift in Sources */,
			);
			runOnlyForDeploymentPostprocessing = 0;
		};
/* End PBXSourcesBuildPhase section */

/* Begin PBXVariantGroup section */
		C5FD3760201106E4001173D1 /* Main.storyboard */ = {
			isa = PBXVariantGroup;
			children = (
				C5FD3761201106E4001173D1 /* Base */,
			);
			name = Main.storyboard;
			sourceTree = "<group>";
		};
		C5FD3765201106E4001173D1 /* LaunchScreen.storyboard */ = {
			isa = PBXVariantGroup;
			children = (
				C5FD3766201106E4001173D1 /* Base */,
			);
			name = LaunchScreen.storyboard;
			sourceTree = "<group>";
		};
/* End PBXVariantGroup section */

/* Begin XCBuildConfiguration section */
		C5FD3769201106E4001173D1 /* Debug */ = {
			isa = XCBuildConfiguration;
			buildSettings = {
				ALWAYS_SEARCH_USER_PATHS = NO;
				CLANG_ANALYZER_NONNULL = YES;
				CLANG_ANALYZER_NUMBER_OBJECT_CONVERSION = YES_AGGRESSIVE;
				CLANG_CXX_LANGUAGE_STANDARD = "gnu++14";
				CLANG_CXX_LIBRARY = "libc++";
				CLANG_ENABLE_MODULES = YES;
				CLANG_ENABLE_OBJC_ARC = YES;
				CLANG_WARN_BLOCK_CAPTURE_AUTORELEASING = YES;
				CLANG_WARN_BOOL_CONVERSION = YES;
				CLANG_WARN_COMMA = YES;
				CLANG_WARN_CONSTANT_CONVERSION = YES;
				CLANG_WARN_DIRECT_OBJC_ISA_USAGE = YES_ERROR;
				CLANG_WARN_DOCUMENTATION_COMMENTS = YES;
				CLANG_WARN_EMPTY_BODY = YES;
				CLANG_WARN_ENUM_CONVERSION = YES;
				CLANG_WARN_INFINITE_RECURSION = YES;
				CLANG_WARN_INT_CONVERSION = YES;
				CLANG_WARN_NON_LITERAL_NULL_CONVERSION = YES;
				CLANG_WARN_OBJC_LITERAL_CONVERSION = YES;
				CLANG_WARN_OBJC_ROOT_CLASS = YES_ERROR;
				CLANG_WARN_RANGE_LOOP_ANALYSIS = YES;
				CLANG_WARN_STRICT_PROTOTYPES = YES;
				CLANG_WARN_SUSPICIOUS_MOVE = YES;
				CLANG_WARN_UNGUARDED_AVAILABILITY = YES_AGGRESSIVE;
				CLANG_WARN_UNREACHABLE_CODE = YES;
				CLANG_WARN__DUPLICATE_METHOD_MATCH = YES;
				CODE_SIGN_IDENTITY = "iPhone Developer";
				COPY_PHASE_STRIP = NO;
				DEBUG_INFORMATION_FORMAT = dwarf;
				ENABLE_STRICT_OBJC_MSGSEND = YES;
				ENABLE_TESTABILITY = YES;
				GCC_C_LANGUAGE_STANDARD = gnu11;
				GCC_DYNAMIC_NO_PIC = NO;
				GCC_NO_COMMON_BLOCKS = YES;
				GCC_OPTIMIZATION_LEVEL = 0;
				GCC_PREPROCESSOR_DEFINITIONS = (
					"DEBUG=1",
					"$(inherited)",
				);
				GCC_WARN_64_TO_32_BIT_CONVERSION = YES;
				GCC_WARN_ABOUT_RETURN_TYPE = YES_ERROR;
				GCC_WARN_UNDECLARED_SELECTOR = YES;
				GCC_WARN_UNINITIALIZED_AUTOS = YES_AGGRESSIVE;
				GCC_WARN_UNUSED_FUNCTION = YES;
				GCC_WARN_UNUSED_VARIABLE = YES;
				IPHONEOS_DEPLOYMENT_TARGET = 11.2;
				MTL_ENABLE_DEBUG_INFO = YES;
				ONLY_ACTIVE_ARCH = YES;
				SDKROOT = iphoneos;
				SWIFT_ACTIVE_COMPILATION_CONDITIONS = DEBUG;
				SWIFT_OPTIMIZATION_LEVEL = "-Onone";
			};
			name = Debug;
		};
		C5FD376A201106E4001173D1 /* Release */ = {
			isa = XCBuildConfiguration;
			buildSettings = {
				ALWAYS_SEARCH_USER_PATHS = NO;
				CLANG_ANALYZER_NONNULL = YES;
				CLANG_ANALYZER_NUMBER_OBJECT_CONVERSION = YES_AGGRESSIVE;
				CLANG_CXX_LANGUAGE_STANDARD = "gnu++14";
				CLANG_CXX_LIBRARY = "libc++";
				CLANG_ENABLE_MODULES = YES;
				CLANG_ENABLE_OBJC_ARC = YES;
				CLANG_WARN_BLOCK_CAPTURE_AUTORELEASING = YES;
				CLANG_WARN_BOOL_CONVERSION = YES;
				CLANG_WARN_COMMA = YES;
				CLANG_WARN_CONSTANT_CONVERSION = YES;
				CLANG_WARN_DIRECT_OBJC_ISA_USAGE = YES_ERROR;
				CLANG_WARN_DOCUMENTATION_COMMENTS = YES;
				CLANG_WARN_EMPTY_BODY = YES;
				CLANG_WARN_ENUM_CONVERSION = YES;
				CLANG_WARN_INFINITE_RECURSION = YES;
				CLANG_WARN_INT_CONVERSION = YES;
				CLANG_WARN_NON_LITERAL_NULL_CONVERSION = YES;
				CLANG_WARN_OBJC_LITERAL_CONVERSION = YES;
				CLANG_WARN_OBJC_ROOT_CLASS = YES_ERROR;
				CLANG_WARN_RANGE_LOOP_ANALYSIS = YES;
				CLANG_WARN_STRICT_PROTOTYPES = YES;
				CLANG_WARN_SUSPICIOUS_MOVE = YES;
				CLANG_WARN_UNGUARDED_AVAILABILITY = YES_AGGRESSIVE;
				CLANG_WARN_UNREACHABLE_CODE = YES;
				CLANG_WARN__DUPLICATE_METHOD_MATCH = YES;
				CODE_SIGN_IDENTITY = "iPhone Developer";
				COPY_PHASE_STRIP = NO;
				DEBUG_INFORMATION_FORMAT = "dwarf-with-dsym";
				ENABLE_NS_ASSERTIONS = NO;
				ENABLE_STRICT_OBJC_MSGSEND = YES;
				GCC_C_LANGUAGE_STANDARD = gnu11;
				GCC_NO_COMMON_BLOCKS = YES;
				GCC_WARN_64_TO_32_BIT_CONVERSION = YES;
				GCC_WARN_ABOUT_RETURN_TYPE = YES_ERROR;
				GCC_WARN_UNDECLARED_SELECTOR = YES;
				GCC_WARN_UNINITIALIZED_AUTOS = YES_AGGRESSIVE;
				GCC_WARN_UNUSED_FUNCTION = YES;
				GCC_WARN_UNUSED_VARIABLE = YES;
				IPHONEOS_DEPLOYMENT_TARGET = 11.2;
				MTL_ENABLE_DEBUG_INFO = NO;
				SDKROOT = iphoneos;
				SWIFT_OPTIMIZATION_LEVEL = "-Owholemodule";
				VALIDATE_PRODUCT = YES;
			};
			name = Release;
		};
		C5FD376C201106E4001173D1 /* Debug */ = {
			isa = XCBuildConfiguration;
			buildSettings = {
				ASSETCATALOG_COMPILER_APPICON_NAME = AppIcon;
				CODE_SIGN_STYLE = Automatic;
				DEVELOPMENT_TEAM = H2XQP39QVX;
				INFOPLIST_FILE = ToeTacTic/Info.plist;
				LD_RUNPATH_SEARCH_PATHS = "$(inherited) @executable_path/Frameworks";
				PRODUCT_BUNDLE_IDENTIFIER = com.Ahmedattia2.ToeTacTic;
				PRODUCT_NAME = "$(TARGET_NAME)";
				SWIFT_VERSION = 4.0;
				TARGETED_DEVICE_FAMILY = "1,2";
			};
			name = Debug;
		};
		C5FD376D201106E4001173D1 /* Release */ = {
			isa = XCBuildConfiguration;
			buildSettings = {
				ASSETCATALOG_COMPILER_APPICON_NAME = AppIcon;
				CODE_SIGN_STYLE = Automatic;
				DEVELOPMENT_TEAM = H2XQP39QVX;
				INFOPLIST_FILE = ToeTacTic/Info.plist;
				LD_RUNPATH_SEARCH_PATHS = "$(inherited) @executable_path/Frameworks";
				PRODUCT_BUNDLE_IDENTIFIER = com.Ahmedattia2.ToeTacTic;
				PRODUCT_NAME = "$(TARGET_NAME)";
				SWIFT_VERSION = 4.0;
				TARGETED_DEVICE_FAMILY = "1,2";
			};
			name = Release;
		};
/* End XCBuildConfiguration section */

/* Begin XCConfigurationList section */
		C5FD3754201106E4001173D1 /* Build configuration list for PBXProject "ToeTacTic" */ = {
			isa = XCConfigurationList;
			buildConfigurations = (
				C5FD3769201106E4001173D1 /* Debug */,
				C5FD376A201106E4001173D1 /* Release */,
			);
			defaultConfigurationIsVisible = 0;
			defaultConfigurationName = Release;
		};
		C5FD376B201106E4001173D1 /* Build configuration list for PBXNativeTarget "ToeTacTic" */ = {
			isa = XCConfigurationList;
			buildConfigurations = (
				C5FD376C201106E4001173D1 /* Debug */,
				C5FD376D201106E4001173D1 /* Release */,
			);
			defaultConfigurationIsVisible = 0;
			defaultConfigurationName = Release;
		};
/* End XCConfigurationList section */
	};
	rootObject = C5FD3751201106E4001173D1 /* Project object */;
}
